[root]
name = "rhess"
version = "0.1.0"
dependencies = [
 "itertools 0.5.4 (registry+https://github.com/rust-lang/crates.io-index)",
]

[[package]]
name = "either"
version = "1.0.1"
source = "registry+https://github.com/rust-lang/crates.io-index"

[[package]]
name = "itertools"
version = "0.5.4"
source = "registry+https://github.com/rust-lang/crates.io-index"
dependencies = [
 "either 1.0.1 (registry+https://github.com/rust-lang/crates.io-index)",
]

[metadata]
"checksum either 1.0.1 (registry+https://github.com/rust-lang/crates.io-index)" = "8aa2c82b7e1abd89a8a59fd89c4a51576ea76a894edf5d5b28944dd46edfed8d"
"checksum itertools 0.5.4 (registry+https://github.com/rust-lang/crates.io-index)" = "dda2b5e4b36839fb708c57615d4838567508b119b3dbf3c203c3bc6ef917e6d3"
